{
  "name": "code",
  "version": "1.0.0",
  "lockfileVersion": 3,
  "requires": true,
  "packages": {
    "": {
      "name": "code",
      "version": "1.0.0",
      "license": "ISC",
      "dependencies": {
        "moment": "^2.30.1",
        "timezone": "^1.0.23"
      }
    },
    "node_modules/moment": {
      "version": "2.30.1",
      "resolved": "https://registry.npmjs.org/moment/-/moment-2.30.1.tgz",
      "integrity": "sha512-uEmtNhbDOrWPFS+hdjFCBfy9f2YoyzRpwcl+DqpC6taX21FzsTLQVbMV/W7PzNSX6x/bhC1zA3c2UQ5NzH6how==",
      "license": "MIT",
      "engines": {
        "node": "*"
      }
    },
    "node_modules/timezone": {
      "version": "1.0.23",
      "resolved": "https://registry.npmjs.org/timezone/-/timezone-1.0.23.tgz",
      "integrity": "sha512-yhQgk6qmSLB+TF8HGmApZAVI5bfzR1CoKUGr+WMZWmx75ED1uDewAZA8QMGCQ70TEv4GmM8pDB9jrHuxdaQ1PA==",
      "license": "MIT"
    }
  }
}
